{
  "name": "region",
  "version": "1.0.0",
  "lockfileVersion": 1,
  "requires": true,
  "dependencies": {
    "@saas-plat/metaschema": {
      "version": "github:saas-plat/metaschema#d0e4d3b12d99cf4dfe42eb9267796619a4a797d7",
      "from": "github:saas-plat/metaschema",
      "requires": {
        "automapper": "^1.0.0",
        "jxon": "^2.0.0-beta.5",
        "lodash": "^4.17.19",
        "moment": "^2.20.1"
      }
    },
    "automapper": {
      "version": "1.0.0",
      "resolved": "https://npm.saas-plat.com/automapper/-/automapper-1.0.0.tgz",
      "integrity": "sha1-1BmJhnrFnlCKPaNQItt8mLDNcb0="
    },
    "jxon": {
      "version": "2.0.0-beta.5",
      "resolved": "https://npm.saas-plat.com/jxon/-/jxon-2.0.0-beta.5.tgz",
      "integrity": "sha1-O2qUEE+YAe5oL9BWZF/1Rz2bND4=",
      "requires": {
        "xmldom": "^0.1.21"
      }
    },
    "lodash": {
      "version": "4.17.20",
      "resolved": "https://npm.saas-plat.com/lodash/-/lodash-4.17.20.tgz",
      "integrity": "sha1-tEqbYpe8tpjxxRo1RaKzs2jVnFI="
    },
    "moment": {
      "version": "2.29.1",
      "resolved": "https://npm.saas-plat.com/moment/-/moment-2.29.1.tgz",
      "integrity": "sha1-sr52n6MZQL6e7qZGnAdeNQBvo9M="
    },
    "xmldom": {
      "version": "0.1.31",
      "resolved": "https://npm.saas-plat.com/xmldom/-/xmldom-0.1.31.tgz",
      "integrity": "sha1-t2yaG9nwqXN+WnLcNyMc84N14v8="
    }
  }
}
